
Microsoft Visual Studio Solution File, Format Version 12.00
# Visual Studio Version 17
VisualStudioVersion = 17.4.33205.214
MinimumVisualStudioVersion = 10.0.40219.1
Project("{FAE04EC0-301F-11D3-BF4B-00C04F79EFBC}") = "Labwork 07.02.2023", "Labwork 07.02.2023.csproj", "{8B0E20A5-DB26-4719-AA65-11DB020E54AF}"
EndProject
Global
	GlobalSection(SolutionConfigurationPlatforms) = preSolution
		Debug|Any CPU = Debug|Any CPU
		Release|Any CPU = Release|Any CPU
	EndGlobalSection
	GlobalSection(ProjectConfigurationPlatforms) = postSolution
		{8B0E20A5-DB26-4719-AA65-11DB020E54AF}.Debug|Any CPU.ActiveCfg = Debug|Any CPU
		{8B0E20A5-DB26-4719-AA65-11DB020E54AF}.Debug|Any CPU.Build.0 = Debug|Any CPU
		{8B0E20A5-DB26-4719-AA65-11DB020E54AF}.Release|Any CPU.ActiveCfg = Release|Any CPU
		{8B0E20A5-DB26-4719-AA65-11DB020E54AF}.Release|Any CPU.Build.0 = Release|Any CPU
	EndGlobalSection
	GlobalSection(SolutionProperties) = preSolution
		HideSolutionNode = FALSE
	EndGlobalSection
	GlobalSection(ExtensibilityGlobals) = postSolution
		SolutionGuid = {68FA16A7-54E3-411E-8AC2-AEC49CA05AE0}
	EndGlobalSection
EndGlobal
